// !$*UTF8*$!
{
	archiveVersion = 1;
	classes = {
	};
	objectVersion = 48;
	objects = {

/* Begin PBXBuildFile section */
		041E44B21FC58D8A008FDF83 /* AppDelegate.swift in Sources */ = {isa = PBXBuildFile; fileRef = 041E44B11FC58D8A008FDF83 /* AppDelegate.swift */; };
		041E44B41FC58D8A008FDF83 /* ViewController.swift in Sources */ = {isa = PBXBuildFile; fileRef = 041E44B31FC58D8A008FDF83 /* ViewController.swift */; };
		041E44B71FC58D8A008FDF83 /* Main.storyboard in Resources */ = {isa = PBXBuildFile; fileRef = 041E44B51FC58D8A008FDF83 /* Main.storyboard */; };
		041E44B91FC58D8A008FDF83 /* Assets.xcassets in Resources */ = {isa = PBXBuildFile; fileRef = 041E44B81FC58D8A008FDF83 /* Assets.xcassets */; };
		041E44BC1FC58D8A008FDF83 /* LaunchScreen.storyboard in Resources */ = {isa = PBXBuildFile; fileRef = 041E44BA1FC58D8A008FDF83 /* LaunchScreen.storyboard */; };
		1743C2961FC593320043A675 /* GoogleService-Info.plist in Resources */ = {isa = PBXBuildFile; fileRef = 1743C2951FC593320043A675 /* GoogleService-Info.plist */; };
		1743C2981FC5A4110043A675 /* GoogleSignInViewController.swift in Sources */ = {isa = PBXBuildFile; fileRef = 1743C2971FC5A4110043A675 /* GoogleSignInViewController.swift */; };
		4DAA33C6C120EDD9ED2C8727 /* Pods_ios1.framework in Frameworks */ = {isa = PBXBuildFile; fileRef = 86527192643D4797F855234D /* Pods_ios1.framework */; };
/* End PBXBuildFile section */

/* Begin PBXFileReference section */
		041E44AE1FC58D8A008FDF83 /* ios1.app */ = {isa = PBXFileReference; explicitFileType = wrapper.application; includeInIndex = 0; path = ios1.app; sourceTree = BUILT_PRODUCTS_DIR; };
		041E44B11FC58D8A008FDF83 /* AppDelegate.swift */ = {isa = PBXFileReference; lastKnownFileType = sourcecode.swift; path = AppDelegate.swift; sourceTree = "<group>"; };
		041E44B31FC58D8A008FDF83 /* ViewController.swift */ = {isa = PBXFileReference; lastKnownFileType = sourcecode.swift; path = ViewController.swift; sourceTree = "<group>"; };
		041E44B61FC58D8A008FDF83 /* Base */ = {isa = PBXFileReference; lastKnownFileType = file.storyboard; name = Base; path = Base.lproj/Main.storyboard; sourceTree = "<group>"; };
		041E44B81FC58D8A008FDF83 /* Assets.xcassets */ = {isa = PBXFileReference; lastKnownFileType = folder.assetcatalog; path = Assets.xcassets; sourceTree = "<group>"; };
		041E44BB1FC58D8A008FDF83 /* Base */ = {isa = PBXFileReference; lastKnownFileType = file.storyboard; name = Base; path = Base.lproj/LaunchScreen.storyboard; sourceTree = "<group>"; };
		041E44BD1FC58D8A008FDF83 /* Info.plist */ = {isa = PBXFileReference; lastKnownFileType = text.plist.xml; path = Info.plist; sourceTree = "<group>"; };
		1743C2951FC593320043A675 /* GoogleService-Info.plist */ = {isa = PBXFileReference; fileEncoding = 4; lastKnownFileType = text.plist.xml; path = "GoogleService-Info.plist"; sourceTree = "<group>"; };
		1743C2971FC5A4110043A675 /* GoogleSignInViewController.swift */ = {isa = PBXFileReference; lastKnownFileType = sourcecode.swift; path = GoogleSignInViewController.swift; sourceTree = "<group>"; };
		5A206579042A1A2DAB41E8F8 /* Pods-ios1.debug.xcconfig */ = {isa = PBXFileReference; includeInIndex = 1; lastKnownFileType = text.xcconfig; name = "Pods-ios1.debug.xcconfig"; path = "Pods/Target Support Files/Pods-ios1/Pods-ios1.debug.xcconfig"; sourceTree = "<group>"; };
		86527192643D4797F855234D /* Pods_ios1.framework */ = {isa = PBXFileReference; explicitFileType = wrapper.framework; includeInIndex = 0; path = Pods_ios1.framework; sourceTree = BUILT_PRODUCTS_DIR; };
		F0309B6982F71BB7BC0952F4 /* Pods-ios1.release.xcconfig */ = {isa = PBXFileReference; includeInIndex = 1; lastKnownFileType = text.xcconfig; name = "Pods-ios1.release.xcconfig"; path = "Pods/Target Support Files/Pods-ios1/Pods-ios1.release.xcconfig"; sourceTree = "<group>"; };
/* End PBXFileReference section */

/* Begin PBXFrameworksBuildPhase section */
		041E44AB1FC58D8A008FDF83 /* Frameworks */ = {
			isa = PBXFrameworksBuildPhase;
			buildActionMask = 2147483647;
			files = (
				4DAA33C6C120EDD9ED2C8727 /* Pods_ios1.framework in Frameworks */,
			);
			runOnlyForDeploymentPostprocessing = 0;
		};
/* End PBXFrameworksBuildPhase section */

/* Begin PBXGroup section */
		041E44A51FC58D8A008FDF83 = {
			isa = PBXGroup;
			children = (
				041E44B01FC58D8A008FDF83 /* ios1 */,
				041E44AF1FC58D8A008FDF83 /* Products */,
				5B6ECA56AD154DF43761FDEA /* Pods */,
				954B6E4E099D35EC0BA30E67 /* Frameworks */,
			);
			sourceTree = "<group>";
		};
		041E44AF1FC58D8A008FDF83 /* Products */ = {
			isa = PBXGroup;
			children = (
				041E44AE1FC58D8A008FDF83 /* ios1.app */,
			);
			name = Products;
			sourceTree = "<group>";
		};
		041E44B01FC58D8A008FDF83 /* ios1 */ = {
			isa = PBXGroup;
			children = (
				1743C2971FC5A4110043A675 /* GoogleSignInViewController.swift */,
				041E44B31FC58D8A008FDF83 /* ViewController.swift */,
				041E44B11FC58D8A008FDF83 /* AppDelegate.swift */,
				1743C2951FC593320043A675 /* GoogleService-Info.plist */,
				041E44B51FC58D8A008FDF83 /* Main.storyboard */,
				041E44B81FC58D8A008FDF83 /* Assets.xcassets */,
				041E44BA1FC58D8A008FDF83 /* LaunchScreen.storyboard */,
				041E44BD1FC58D8A008FDF83 /* Info.plist */,
			);
			path = ios1;
			sourceTree = "<group>";
		};
		5B6ECA56AD154DF43761FDEA /* Pods */ = {
			isa = PBXGroup;
			children = (
				5A206579042A1A2DAB41E8F8 /* Pods-ios1.debug.xcconfig */,
				F0309B6982F71BB7BC0952F4 /* Pods-ios1.release.xcconfig */,
			);
			name = Pods;
			sourceTree = "<group>";
		};
		954B6E4E099D35EC0BA30E67 /* Frameworks */ = {
			isa = PBXGroup;
			children = (
				86527192643D4797F855234D /* Pods_ios1.framework */,
			);
			name = Frameworks;
			sourceTree = "<group>";
		};
/* End PBXGroup section */

/* Begin PBXNativeTarget section */
		041E44AD1FC58D8A008FDF83 /* ios1 */ = {
			isa = PBXNativeTarget;
			buildConfigurationList = 041E44C01FC58D8A008FDF83 /* Build configuration list for PBXNativeTarget "ios1" */;
			buildPhases = (
				B5F44FBDF9534067D254FD5D /* [CP] Check Pods Manifest.lock */,
				041E44AA1FC58D8A008FDF83 /* Sources */,
				041E44AB1FC58D8A008FDF83 /* Frameworks */,
				041E44AC1FC58D8A008FDF83 /* Resources */,
				4D6459A36AD6286EC3DE4DF0 /* [CP] Embed Pods Frameworks */,
				7C48C5D6A239446023111B35 /* [CP] Copy Pods Resources */,
			);
			buildRules = (
			);
			dependencies = (
			);
			name = ios1;
			productName = ios1;
			productReference = 041E44AE1FC58D8A008FDF83 /* ios1.app */;
			productType = "com.apple.product-type.application";
		};
/* End PBXNativeTarget section */

/* Begin PBXProject section */
		041E44A61FC58D8A008FDF83 /* Project object */ = {
			isa = PBXProject;
			attributes = {
				LastSwiftUpdateCheck = 0910;
				LastUpgradeCheck = 0910;
				ORGANIZATIONNAME = mac;
				TargetAttributes = {
					041E44AD1FC58D8A008FDF83 = {
						CreatedOnToolsVersion = 9.1;
						ProvisioningStyle = Automatic;
					};
				};
			};
			buildConfigurationList = 041E44A91FC58D8A008FDF83 /* Build configuration list for PBXProject "ios1" */;
			compatibilityVersion = "Xcode 8.0";
			developmentRegion = en;
			hasScannedForEncodings = 0;
			knownRegions = (
				en,
				Base,
			);
			mainGroup = 041E44A51FC58D8A008FDF83;
			productRefGroup = 041E44AF1FC58D8A008FDF83 /* Products */;
			projectDirPath = "";
			projectRoot = "";
			targets = (
				041E44AD1FC58D8A008FDF83 /* ios1 */,
			);
		};
/* End PBXProject section */

/* Begin PBXResourcesBuildPhase section */
		041E44AC1FC58D8A008FDF83 /* Resources */ = {
			isa = PBXResourcesBuildPhase;
			buildActionMask = 2147483647;
			files = (
				041E44BC1FC58D8A008FDF83 /* LaunchScreen.storyboard in Resources */,
				1743C2961FC593320043A675 /* GoogleService-Info.plist in Resources */,
				041E44B91FC58D8A008FDF83 /* Assets.xcassets in Resources */,
				041E44B71FC58D8A008FDF83 /* Main.storyboard in Resources */,
			);
			runOnlyForDeploymentPostprocessing = 0;
		};
/* End PBXResourcesBuildPhase section */

/* Begin PBXShellScriptBuildPhase section */
		4D6459A36AD6286EC3DE4DF0 /* [CP] Embed Pods Frameworks */ = {
			isa = PBXShellScriptBuildPhase;
			buildActionMask = 2147483647;
			files = (
			);
			inputPaths = (
				"${SRCROOT}/Pods/Target Support Files/Pods-ios1/Pods-ios1-frameworks.sh",
				"${BUILT_PRODUCTS_DIR}/GTMOAuth2/GTMOAuth2.framework",
				"${BUILT_PRODUCTS_DIR}/GTMSessionFetcher/GTMSessionFetcher.framework",
				"${BUILT_PRODUCTS_DIR}/GoogleToolboxForMac/GoogleToolboxForMac.framework",
				"${BUILT_PRODUCTS_DIR}/nanopb/nanopb.framework",
			);
			name = "[CP] Embed Pods Frameworks";
			outputPaths = (
				"${TARGET_BUILD_DIR}/${FRAMEWORKS_FOLDER_PATH}/GTMOAuth2.framework",
				"${TARGET_BUILD_DIR}/${FRAMEWORKS_FOLDER_PATH}/GTMSessionFetcher.framework",
				"${TARGET_BUILD_DIR}/${FRAMEWORKS_FOLDER_PATH}/GoogleToolboxForMac.framework",
				"${TARGET_BUILD_DIR}/${FRAMEWORKS_FOLDER_PATH}/nanopb.framework",
			);
			runOnlyForDeploymentPostprocessing = 0;
			shellPath = /bin/sh;
			shellScript = "\"${SRCROOT}/Pods/Target Support Files/Pods-ios1/Pods-ios1-frameworks.sh\"\n";
			showEnvVarsInLog = 0;
		};
		7C48C5D6A239446023111B35 /* [CP] Copy Pods Resources */ = {
			isa = PBXShellScriptBuildPhase;
			buildActionMask = 2147483647;
			files = (
			);
			inputPaths = (
				"${SRCROOT}/Pods/Target Support Files/Pods-ios1/Pods-ios1-resources.sh",
				"${PODS_ROOT}/GoogleSignIn/Resources/GoogleSignIn.bundle",
			);
			name = "[CP] Copy Pods Resources";
			outputPaths = (
				"${TARGET_BUILD_DIR}/${UNLOCALIZED_RESOURCES_FOLDER_PATH}",
			);
			runOnlyForDeploymentPostprocessing = 0;
			shellPath = /bin/sh;
			shellScript = "\"${SRCROOT}/Pods/Target Support Files/Pods-ios1/Pods-ios1-resources.sh\"\n";
			showEnvVarsInLog = 0;
		};
		B5F44FBDF9534067D254FD5D /* [CP] Check Pods Manifest.lock */ = {
			isa = PBXShellScriptBuildPhase;
			buildActionMask = 2147483647;
			files = (
			);
			inputPaths = (
				"${PODS_PODFILE_DIR_PATH}/Podfile.lock",
				"${PODS_ROOT}/Manifest.lock",
			);
			name = "[CP] Check Pods Manifest.lock";
			outputPaths = (
				"$(DERIVED_FILE_DIR)/Pods-ios1-checkManifestLockResult.txt",
			);
			runOnlyForDeploymentPostprocessing = 0;
			shellPath = /bin/sh;
			shellScript = "diff \"${PODS_PODFILE_DIR_PATH}/Podfile.lock\" \"${PODS_ROOT}/Manifest.lock\" > /dev/null\nif [ $? != 0 ] ; then\n    # print error to STDERR\n    echo \"error: The sandbox is not in sync with the Podfile.lock. Run 'pod install' or update your CocoaPods installation.\" >&2\n    exit 1\nfi\n# This output is used by Xcode 'outputs' to avoid re-running this script phase.\necho \"SUCCESS\" > \"${SCRIPT_OUTPUT_FILE_0}\"\n";
			showEnvVarsInLog = 0;
		};
/* End PBXShellScriptBuildPhase section */

/* Begin PBXSourcesBuildPhase section */
		041E44AA1FC58D8A008FDF83 /* Sources */ = {
			isa = PBXSourcesBuildPhase;
			buildActionMask = 2147483647;
			files = (
				1743C2981FC5A4110043A675 /* GoogleSignInViewController.swift in Sources */,
				041E44B41FC58D8A008FDF83 /* ViewController.swift in Sources */,
				041E44B21FC58D8A008FDF83 /* AppDelegate.swift in Sources */,
			);
			runOnlyForDeploymentPostprocessing = 0;
		};
/* End PBXSourcesBuildPhase section */

/* Begin PBXVariantGroup section */
		041E44B51FC58D8A008FDF83 /* Main.storyboard */ = {
			isa = PBXVariantGroup;
			children = (
				041E44B61FC58D8A008FDF83 /* Base */,
			);
			name = Main.storyboard;
			sourceTree = "<group>";
		};
		041E44BA1FC58D8A008FDF83 /* LaunchScreen.storyboard */ = {
			isa = PBXVariantGroup;
			children = (
				041E44BB1FC58D8A008FDF83 /* Base */,
			);
			name = LaunchScreen.storyboard;
			sourceTree = "<group>";
		};
/* End PBXVariantGroup section */

/* Begin XCBuildConfiguration section */
		041E44BE1FC58D8A008FDF83 /* Debug */ = {
			isa = XCBuildConfiguration;
			buildSettings = {
				ALWAYS_SEARCH_USER_PATHS = NO;
				CLANG_ANALYZER_NONNULL = YES;
				CLANG_ANALYZER_NUMBER_OBJECT_CONVERSION = YES_AGGRESSIVE;
				CLANG_CXX_LANGUAGE_STANDARD = "gnu++14";
				CLANG_CXX_LIBRARY = "libc++";
				CLANG_ENABLE_MODULES = YES;
				CLANG_ENABLE_OBJC_ARC = YES;
				CLANG_WARN_BLOCK_CAPTURE_AUTORELEASING = YES;
				CLANG_WARN_BOOL_CONVERSION = YES;
				CLANG_WARN_COMMA = YES;
				CLANG_WARN_CONSTANT_CONVERSION = YES;
				CLANG_WARN_DIRECT_OBJC_ISA_USAGE = YES_ERROR;
				CLANG_WARN_DOCUMENTATION_COMMENTS = YES;
				CLANG_WARN_EMPTY_BODY = YES;
				CLANG_WARN_ENUM_CONVERSION = YES;
				CLANG_WARN_INFINITE_RECURSION = YES;
				CLANG_WARN_INT_CONVERSION = YES;
				CLANG_WARN_NON_LITERAL_NULL_CONVERSION = YES;
				CLANG_WARN_OBJC_LITERAL_CONVERSION = YES;
				CLANG_WARN_OBJC_ROOT_CLASS = YES_ERROR;
				CLANG_WARN_RANGE_LOOP_ANALYSIS = YES;
				CLANG_WARN_STRICT_PROTOTYPES = YES;
				CLANG_WARN_SUSPICIOUS_MOVE = YES;
				CLANG_WARN_UNGUARDED_AVAILABILITY = YES_AGGRESSIVE;
				CLANG_WARN_UNREACHABLE_CODE = YES;
				CLANG_WARN__DUPLICATE_METHOD_MATCH = YES;
				CODE_SIGN_IDENTITY = "iPhone Developer";
				COPY_PHASE_STRIP = NO;
				DEBUG_INFORMATION_FORMAT = dwarf;
				ENABLE_STRICT_OBJC_MSGSEND = YES;
				ENABLE_TESTABILITY = YES;
				GCC_C_LANGUAGE_STANDARD = gnu11;
				GCC_DYNAMIC_NO_PIC = NO;
				GCC_NO_COMMON_BLOCKS = YES;
				GCC_OPTIMIZATION_LEVEL = 0;
				GCC_PREPROCESSOR_DEFINITIONS = (
					"DEBUG=1",
					"$(inherited)",
				);
				GCC_WARN_64_TO_32_BIT_CONVERSION = YES;
				GCC_WARN_ABOUT_RETURN_TYPE = YES_ERROR;
				GCC_WARN_UNDECLARED_SELECTOR = YES;
				GCC_WARN_UNINITIALIZED_AUTOS = YES_AGGRESSIVE;
				GCC_WARN_UNUSED_FUNCTION = YES;
				GCC_WARN_UNUSED_VARIABLE = YES;
				IPHONEOS_DEPLOYMENT_TARGET = 11.1;
				MTL_ENABLE_DEBUG_INFO = YES;
				ONLY_ACTIVE_ARCH = YES;
				SDKROOT = iphoneos;
				SWIFT_ACTIVE_COMPILATION_CONDITIONS = DEBUG;
				SWIFT_OPTIMIZATION_LEVEL = "-Onone";
			};
			name = Debug;
		};
		041E44BF1FC58D8A008FDF83 /* Release */ = {
			isa = XCBuildConfiguration;
			buildSettings = {
				ALWAYS_SEARCH_USER_PATHS = NO;
				CLANG_ANALYZER_NONNULL = YES;
				CLANG_ANALYZER_NUMBER_OBJECT_CONVERSION = YES_AGGRESSIVE;
				CLANG_CXX_LANGUAGE_STANDARD = "gnu++14";
				CLANG_CXX_LIBRARY = "libc++";
				CLANG_ENABLE_MODULES = YES;
				CLANG_ENABLE_OBJC_ARC = YES;
				CLANG_WARN_BLOCK_CAPTURE_AUTORELEASING = YES;
				CLANG_WARN_BOOL_CONVERSION = YES;
				CLANG_WARN_COMMA = YES;
				CLANG_WARN_CONSTANT_CONVERSION = YES;
				CLANG_WARN_DIRECT_OBJC_ISA_USAGE = YES_ERROR;
				CLANG_WARN_DOCUMENTATION_COMMENTS = YES;
				CLANG_WARN_EMPTY_BODY = YES;
				CLANG_WARN_ENUM_CONVERSION = YES;
				CLANG_WARN_INFINITE_RECURSION = YES;
				CLANG_WARN_INT_CONVERSION = YES;
				CLANG_WARN_NON_LITERAL_NULL_CONVERSION = YES;
				CLANG_WARN_OBJC_LITERAL_CONVERSION = YES;
				CLANG_WARN_OBJC_ROOT_CLASS = YES_ERROR;
				CLANG_WARN_RANGE_LOOP_ANALYSIS = YES;
				CLANG_WARN_STRICT_PROTOTYPES = YES;
				CLANG_WARN_SUSPICIOUS_MOVE = YES;
				CLANG_WARN_UNGUARDED_AVAILABILITY = YES_AGGRESSIVE;
				CLANG_WARN_UNREACHABLE_CODE = YES;
				CLANG_WARN__DUPLICATE_METHOD_MATCH = YES;
				CODE_SIGN_IDENTITY = "iPhone Developer";
				COPY_PHASE_STRIP = NO;
				DEBUG_INFORMATION_FORMAT = "dwarf-with-dsym";
				ENABLE_NS_ASSERTIONS = NO;
				ENABLE_STRICT_OBJC_MSGSEND = YES;
				GCC_C_LANGUAGE_STANDARD = gnu11;
				GCC_NO_COMMON_BLOCKS = YES;
				GCC_WARN_64_TO_32_BIT_CONVERSION = YES;
				GCC_WARN_ABOUT_RETURN_TYPE = YES_ERROR;
				GCC_WARN_UNDECLARED_SELECTOR = YES;
				GCC_WARN_UNINITIALIZED_AUTOS = YES_AGGRESSIVE;
				GCC_WARN_UNUSED_FUNCTION = YES;
				GCC_WARN_UNUSED_VARIABLE = YES;
				IPHONEOS_DEPLOYMENT_TARGET = 11.1;
				MTL_ENABLE_DEBUG_INFO = NO;
				SDKROOT = iphoneos;
				SWIFT_OPTIMIZATION_LEVEL = "-Owholemodule";
				VALIDATE_PRODUCT = YES;
			};
			name = Release;
		};
		041E44C11FC58D8A008FDF83 /* Debug */ = {
			isa = XCBuildConfiguration;
			baseConfigurationReference = 5A206579042A1A2DAB41E8F8 /* Pods-ios1.debug.xcconfig */;
			buildSettings = {
				ASSETCATALOG_COMPILER_APPICON_NAME = AppIcon;
				CODE_SIGN_STYLE = Automatic;
				INFOPLIST_FILE = ios1/Info.plist;
				LD_RUNPATH_SEARCH_PATHS = "$(inherited) @executable_path/Frameworks";
				PRODUCT_BUNDLE_IDENTIFIER = com.sammy.ios1;
				PRODUCT_NAME = "$(TARGET_NAME)";
				SWIFT_VERSION = 4.0;
				TARGETED_DEVICE_FAMILY = "1,2";
			};
			name = Debug;
		};
		041E44C21FC58D8A008FDF83 /* Release */ = {
			isa = XCBuildConfiguration;
			baseConfigurationReference = F0309B6982F71BB7BC0952F4 /* Pods-ios1.release.xcconfig */;
			buildSettings = {
				ASSETCATALOG_COMPILER_APPICON_NAME = AppIcon;
				CODE_SIGN_STYLE = Automatic;
				INFOPLIST_FILE = ios1/Info.plist;
				LD_RUNPATH_SEARCH_PATHS = "$(inherited) @executable_path/Frameworks";
				PRODUCT_BUNDLE_IDENTIFIER = com.sammy.ios1;
				PRODUCT_NAME = "$(TARGET_NAME)";
				SWIFT_VERSION = 4.0;
				TARGETED_DEVICE_FAMILY = "1,2";
			};
			name = Release;
		};
/* End XCBuildConfiguration section */

/* Begin XCConfigurationList section */
		041E44A91FC58D8A008FDF83 /* Build configuration list for PBXProject "ios1" */ = {
			isa = XCConfigurationList;
			buildConfigurations = (
				041E44BE1FC58D8A008FDF83 /* Debug */,
				041E44BF1FC58D8A008FDF83 /* Release */,
			);
			defaultConfigurationIsVisible = 0;
			defaultConfigurationName = Release;
		};
		041E44C01FC58D8A008FDF83 /* Build configuration list for PBXNativeTarget "ios1" */ = {
			isa = XCConfigurationList;
			buildConfigurations = (
				041E44C11FC58D8A008FDF83 /* Debug */,
				041E44C21FC58D8A008FDF83 /* Release */,
			);
			defaultConfigurationIsVisible = 0;
			defaultConfigurationName = Release;
		};
/* End XCConfigurationList section */
	};
	rootObject = 041E44A61FC58D8A008FDF83 /* Project object */;
}
